
Microsoft Visual Studio Solution File, Format Version 12.00
# Visual Studio Version 16
VisualStudioVersion = 16.0.29806.167
MinimumVisualStudioVersion = 10.0.40219.1
Project("{9A19103F-16F7-4668-BE54-9A1E7A4F7556}") = "Soccer.Common", "Soccer.Common\Soccer.Common.csproj", "{93D70FE4-7741-4315-84AD-63B59C37D885}"
EndProject
Project("{9A19103F-16F7-4668-BE54-9A1E7A4F7556}") = "Soccer.Web", "Soccer.Web\Soccer.Web.csproj", "{E35422F1-FEB3-4C5B-9414-F8C94C28E922}"
EndProject
Global
	GlobalSection(SolutionConfigurationPlatforms) = preSolution
		Ad-Hoc|Any CPU = Ad-Hoc|Any CPU
		Ad-Hoc|iPhone = Ad-Hoc|iPhone
		Ad-Hoc|iPhoneSimulator = Ad-Hoc|iPhoneSimulator
		AppStore|Any CPU = AppStore|Any CPU
		AppStore|iPhone = AppStore|iPhone
		AppStore|iPhoneSimulator = AppStore|iPhoneSimulator
		Debug|Any CPU = Debug|Any CPU
		Debug|iPhone = Debug|iPhone
		Debug|iPhoneSimulator = Debug|iPhoneSimulator
		Release|Any CPU = Release|Any CPU
		Release|iPhone = Release|iPhone
		Release|iPhoneSimulator = Release|iPhoneSimulator
	EndGlobalSection
	GlobalSection(ProjectConfigurationPlatforms) = postSolution
		{93D70FE4-7741-4315-84AD-63B59C37D885}.Ad-Hoc|Any CPU.ActiveCfg = Release|Any CPU
		{93D70FE4-7741-4315-84AD-63B59C37D885}.Ad-Hoc|Any CPU.Build.0 = Release|Any CPU
		{93D70FE4-7741-4315-84AD-63B59C37D885}.Ad-Hoc|iPhone.ActiveCfg = Release|Any CPU
		{93D70FE4-7741-4315-84AD-63B59C37D885}.Ad-Hoc|iPhone.Build.0 = Release|Any CPU
		{93D70FE4-7741-4315-84AD-63B59C37D885}.Ad-Hoc|iPhoneSimulator.ActiveCfg = Release|Any CPU
		{93D70FE4-7741-4315-84AD-63B59C37D885}.Ad-Hoc|iPhoneSimulator.Build.0 = Release|Any CPU
		{93D70FE4-7741-4315-84AD-63B59C37D885}.AppStore|Any CPU.ActiveCfg = Release|Any CPU
		{93D70FE4-7741-4315-84AD-63B59C37D885}.AppStore|Any CPU.Build.0 = Release|Any CPU
		{93D70FE4-7741-4315-84AD-63B59C37D885}.AppStore|iPhone.ActiveCfg = Release|Any CPU
		{93D70FE4-7741-4315-84AD-63B59C37D885}.AppStore|iPhone.Build.0 = Release|Any CPU
		{93D70FE4-7741-4315-84AD-63B59C37D885}.AppStore|iPhoneSimulator.ActiveCfg = Release|Any CPU
		{93D70FE4-7741-4315-84AD-63B59C37D885}.AppStore|iPhoneSimulator.Build.0 = Release|Any CPU
		{93D70FE4-7741-4315-84AD-63B59C37D885}.Debug|Any CPU.ActiveCfg = Debug|Any CPU
		{93D70FE4-7741-4315-84AD-63B59C37D885}.Debug|Any CPU.Build.0 = Debug|Any CPU
		{93D70FE4-7741-4315-84AD-63B59C37D885}.Debug|iPhone.ActiveCfg = Debug|Any CPU
		{93D70FE4-7741-4315-84AD-63B59C37D885}.Debug|iPhone.Build.0 = Debug|Any CPU
		{93D70FE4-7741-4315-84AD-63B59C37D885}.Debug|iPhoneSimulator.ActiveCfg = Debug|Any CPU
		{93D70FE4-7741-4315-84AD-63B59C37D885}.Debug|iPhoneSimulator.Build.0 = Debug|Any CPU
		{93D70FE4-7741-4315-84AD-63B59C37D885}.Release|Any CPU.ActiveCfg = Release|Any CPU
		{93D70FE4-7741-4315-84AD-63B59C37D885}.Release|Any CPU.Build.0 = Release|Any CPU
		{93D70FE4-7741-4315-84AD-63B59C37D885}.Release|iPhone.ActiveCfg = Release|Any CPU
		{93D70FE4-7741-4315-84AD-63B59C37D885}.Release|iPhone.Build.0 = Release|Any CPU
		{93D70FE4-7741-4315-84AD-63B59C37D885}.Release|iPhoneSimulator.ActiveCfg = Release|Any CPU
		{93D70FE4-7741-4315-84AD-63B59C37D885}.Release|iPhoneSimulator.Build.0 = Release|Any CPU
		{E35422F1-FEB3-4C5B-9414-F8C94C28E922}.Ad-Hoc|Any CPU.ActiveCfg = Release|Any CPU
		{E35422F1-FEB3-4C5B-9414-F8C94C28E922}.Ad-Hoc|Any CPU.Build.0 = Release|Any CPU
		{E35422F1-FEB3-4C5B-9414-F8C94C28E922}.Ad-Hoc|iPhone.ActiveCfg = Release|Any CPU
		{E35422F1-FEB3-4C5B-9414-F8C94C28E922}.Ad-Hoc|iPhone.Build.0 = Release|Any CPU
		{E35422F1-FEB3-4C5B-9414-F8C94C28E922}.Ad-Hoc|iPhoneSimulator.ActiveCfg = Release|Any CPU
		{E35422F1-FEB3-4C5B-9414-F8C94C28E922}.Ad-Hoc|iPhoneSimulator.Build.0 = Release|Any CPU
		{E35422F1-FEB3-4C5B-9414-F8C94C28E922}.AppStore|Any CPU.ActiveCfg = Release|Any CPU
		{E35422F1-FEB3-4C5B-9414-F8C94C28E922}.AppStore|Any CPU.Build.0 = Release|Any CPU
		{E35422F1-FEB3-4C5B-9414-F8C94C28E922}.AppStore|iPhone.ActiveCfg = Release|Any CPU
		{E35422F1-FEB3-4C5B-9414-F8C94C28E922}.AppStore|iPhone.Build.0 = Release|Any CPU
		{E35422F1-FEB3-4C5B-9414-F8C94C28E922}.AppStore|iPhoneSimulator.ActiveCfg = Release|Any CPU
		{E35422F1-FEB3-4C5B-9414-F8C94C28E922}.AppStore|iPhoneSimulator.Build.0 = Release|Any CPU
		{E35422F1-FEB3-4C5B-9414-F8C94C28E922}.Debug|Any CPU.ActiveCfg = Debug|Any CPU
		{E35422F1-FEB3-4C5B-9414-F8C94C28E922}.Debug|Any CPU.Build.0 = Debug|Any CPU
		{E35422F1-FEB3-4C5B-9414-F8C94C28E922}.Debug|iPhone.ActiveCfg = Debug|Any CPU
		{E35422F1-FEB3-4C5B-9414-F8C94C28E922}.Debug|iPhone.Build.0 = Debug|Any CPU
		{E35422F1-FEB3-4C5B-9414-F8C94C28E922}.Debug|iPhoneSimulator.ActiveCfg = Debug|Any CPU
		{E35422F1-FEB3-4C5B-9414-F8C94C28E922}.Debug|iPhoneSimulator.Build.0 = Debug|Any CPU
		{E35422F1-FEB3-4C5B-9414-F8C94C28E922}.Release|Any CPU.ActiveCfg = Release|Any CPU
		{E35422F1-FEB3-4C5B-9414-F8C94C28E922}.Release|Any CPU.Build.0 = Release|Any CPU
		{E35422F1-FEB3-4C5B-9414-F8C94C28E922}.Release|iPhone.ActiveCfg = Release|Any CPU
		{E35422F1-FEB3-4C5B-9414-F8C94C28E922}.Release|iPhone.Build.0 = Release|Any CPU
		{E35422F1-FEB3-4C5B-9414-F8C94C28E922}.Release|iPhoneSimulator.ActiveCfg = Release|Any CPU
		{E35422F1-FEB3-4C5B-9414-F8C94C28E922}.Release|iPhoneSimulator.Build.0 = Release|Any CPU
	EndGlobalSection
	GlobalSection(SolutionProperties) = preSolution
		HideSolutionNode = FALSE
	EndGlobalSection
	GlobalSection(ExtensibilityGlobals) = postSolution
		SolutionGuid = {E4B69C1B-0C4D-4AD8-A3F6-C825390D02C4}
	EndGlobalSection
EndGlobal
